
Microsoft Visual Studio Solution File, Format Version 12.00
# Visual Studio Version 17
VisualStudioVersion = 17.8.34316.72
MinimumVisualStudioVersion = 10.0.40219.1
Project("{2150E333-8FDC-42A3-9474-1A3956D46DE8}") = "1 - Presentation", "1 - Presentation", "{6ECB2182-0170-4A09-BC6E-D8A0ECC6CBB8}"
EndProject
Project("{2150E333-8FDC-42A3-9474-1A3956D46DE8}") = "2 - Application", "2 - Application", "{137BDFD6-DB5B-4495-9A7F-58FBBB64D7C4}"
EndProject
Project("{2150E333-8FDC-42A3-9474-1A3956D46DE8}") = "3 - Infrastructure", "3 - Infrastructure", "{97855517-4DC9-4199-B06F-BCAC0A9E6149}"
EndProject
Project("{2150E333-8FDC-42A3-9474-1A3956D46DE8}") = "4 - Tests", "4 - Tests", "{A195D10A-4DB2-4977-8B97-5D04004EE6FC}"
EndProject
Project("{2150E333-8FDC-42A3-9474-1A3956D46DE8}") = "API", "API", "{F9DBBB03-2E59-49A5-BD7D-86D53042BF9D}"
EndProject
Project("{9A19103F-16F7-4668-BE54-9A1E7A4F7556}") = "ToDo-API.Web", "API\src\ToDo-API.Web\ToDo-API.Web.csproj", "{11ECC9C7-D527-40E9-8550-B177A0E6ACC1}"
	ProjectSection(ProjectDependencies) = postProject
		{C2EB564B-4F3B-4CA4-9953-FA29C7C527A9} = {C2EB564B-4F3B-4CA4-9953-FA29C7C527A9}
	EndProjectSection
EndProject
Project("{9A19103F-16F7-4668-BE54-9A1E7A4F7556}") = "ToDo-API.Application", "API\src\ToDo-API.Application\ToDo-API.Application.csproj", "{C2EB564B-4F3B-4CA4-9953-FA29C7C527A9}"
EndProject
Project("{9A19103F-16F7-4668-BE54-9A1E7A4F7556}") = "ToDo-API.Domain", "API\src\Todo-API.Domain\ToDo-API.Domain.csproj", "{A54A7117-6497-4E06-9230-6324F4204E34}"
EndProject
Project("{9A19103F-16F7-4668-BE54-9A1E7A4F7556}") = "ToDo-API.Infrastructure.SqlServer", "API\src\ToDo-API.Infrastructure.SqlServer\ToDo-API.Infrastructure.SqlServer.csproj", "{189838AD-D6CD-4A25-9EED-A70423A906B3}"
EndProject
Project("{FAE04EC0-301F-11D3-BF4B-00C04F79EFBC}") = "ToDo-API.UnitTests", "API\src\ToDo-API.UnitTests\ToDo-API.UnitTests.csproj", "{C95AA3F3-20D1-44C1-9616-232860983325}"
EndProject
Global
	GlobalSection(SolutionConfigurationPlatforms) = preSolution
		Debug|Any CPU = Debug|Any CPU
		Release|Any CPU = Release|Any CPU
	EndGlobalSection
	GlobalSection(ProjectConfigurationPlatforms) = postSolution
		{11ECC9C7-D527-40E9-8550-B177A0E6ACC1}.Debug|Any CPU.ActiveCfg = Debug|Any CPU
		{11ECC9C7-D527-40E9-8550-B177A0E6ACC1}.Debug|Any CPU.Build.0 = Debug|Any CPU
		{11ECC9C7-D527-40E9-8550-B177A0E6ACC1}.Release|Any CPU.ActiveCfg = Release|Any CPU
		{11ECC9C7-D527-40E9-8550-B177A0E6ACC1}.Release|Any CPU.Build.0 = Release|Any CPU
		{C2EB564B-4F3B-4CA4-9953-FA29C7C527A9}.Debug|Any CPU.ActiveCfg = Debug|Any CPU
		{C2EB564B-4F3B-4CA4-9953-FA29C7C527A9}.Debug|Any CPU.Build.0 = Debug|Any CPU
		{C2EB564B-4F3B-4CA4-9953-FA29C7C527A9}.Release|Any CPU.ActiveCfg = Release|Any CPU
		{C2EB564B-4F3B-4CA4-9953-FA29C7C527A9}.Release|Any CPU.Build.0 = Release|Any CPU
		{A54A7117-6497-4E06-9230-6324F4204E34}.Debug|Any CPU.ActiveCfg = Debug|Any CPU
		{A54A7117-6497-4E06-9230-6324F4204E34}.Debug|Any CPU.Build.0 = Debug|Any CPU
		{A54A7117-6497-4E06-9230-6324F4204E34}.Release|Any CPU.ActiveCfg = Release|Any CPU
		{A54A7117-6497-4E06-9230-6324F4204E34}.Release|Any CPU.Build.0 = Release|Any CPU
		{189838AD-D6CD-4A25-9EED-A70423A906B3}.Debug|Any CPU.ActiveCfg = Debug|Any CPU
		{189838AD-D6CD-4A25-9EED-A70423A906B3}.Debug|Any CPU.Build.0 = Debug|Any CPU
		{189838AD-D6CD-4A25-9EED-A70423A906B3}.Release|Any CPU.ActiveCfg = Release|Any CPU
		{189838AD-D6CD-4A25-9EED-A70423A906B3}.Release|Any CPU.Build.0 = Release|Any CPU
		{C95AA3F3-20D1-44C1-9616-232860983325}.Debug|Any CPU.ActiveCfg = Debug|Any CPU
		{C95AA3F3-20D1-44C1-9616-232860983325}.Debug|Any CPU.Build.0 = Debug|Any CPU
		{C95AA3F3-20D1-44C1-9616-232860983325}.Release|Any CPU.ActiveCfg = Release|Any CPU
		{C95AA3F3-20D1-44C1-9616-232860983325}.Release|Any CPU.Build.0 = Release|Any CPU
	EndGlobalSection
	GlobalSection(SolutionProperties) = preSolution
		HideSolutionNode = FALSE
	EndGlobalSection
	GlobalSection(NestedProjects) = preSolution
		{6ECB2182-0170-4A09-BC6E-D8A0ECC6CBB8} = {F9DBBB03-2E59-49A5-BD7D-86D53042BF9D}
		{137BDFD6-DB5B-4495-9A7F-58FBBB64D7C4} = {F9DBBB03-2E59-49A5-BD7D-86D53042BF9D}
		{97855517-4DC9-4199-B06F-BCAC0A9E6149} = {F9DBBB03-2E59-49A5-BD7D-86D53042BF9D}
		{A195D10A-4DB2-4977-8B97-5D04004EE6FC} = {F9DBBB03-2E59-49A5-BD7D-86D53042BF9D}
		{11ECC9C7-D527-40E9-8550-B177A0E6ACC1} = {6ECB2182-0170-4A09-BC6E-D8A0ECC6CBB8}
		{C2EB564B-4F3B-4CA4-9953-FA29C7C527A9} = {137BDFD6-DB5B-4495-9A7F-58FBBB64D7C4}
		{A54A7117-6497-4E06-9230-6324F4204E34} = {137BDFD6-DB5B-4495-9A7F-58FBBB64D7C4}
		{189838AD-D6CD-4A25-9EED-A70423A906B3} = {97855517-4DC9-4199-B06F-BCAC0A9E6149}
		{C95AA3F3-20D1-44C1-9616-232860983325} = {A195D10A-4DB2-4977-8B97-5D04004EE6FC}
	EndGlobalSection
	GlobalSection(ExtensibilityGlobals) = postSolution
		SolutionGuid = {920FE400-CFBC-45A3-916D-2243B5C4CEE5}
	EndGlobalSection
EndGlobal
